github.com/golang/sys v0.0.0-20190902133755-9109b7679e13 h1:YX7ubuNpPqbsGPr5qwDKQW9H/+wmEX/cFGStRbJioFI=
github.com/golang/sys v0.0.0-20190902133755-9109b7679e13/go.mod h1:h1NjWce9XRLGQEsW7wpKNCjG9DtNlClVuFLEZdDNbEs=
github.com/lxn/walk v0.0.0-20191001144247-31870cf268b0 h1:BZz2zJLMVWm5DeD4aesxePtWmP29qE7ZGlb8qDgF1jo=
github.com/lxn/walk v0.0.0-20191001144247-31870cf268b0/go.mod h1:E23UucZGqpuUANJooIbHWCufXvOcT6E7Stq81gU+CSQ=
github.com/lxn/win v0.0.0-20190919090605-24c5960b03d8 h1:RVMGIuuNgrpGB7I79f6xfhGCkpN47IaEGh8VTM0p7Xc=
github.com/lxn/win v0.0.0-20190919090605-24c5960b03d8/go.mod h1:ouWl4wViUNh8tPSIwxTVMuS014WakR1hqvBc2I0bMoA=
gopkg.in/Knetic/govaluate.v3 v3.0.0 h1:18mUyIt4ZlRlFZAAfVetz4/rzlJs9yhN+U02F4u1AOc=
gopkg.in/Knetic/govaluate.v3 v3.0.0/go.mod h1:csKLBORsPbafmSCGTEh3U7Ozmsuq8ZSIlKk1bcqph0E=
